schema: '2.0'
stages:
  load_data:
    cmd: python src\load_data.py --config=params.yaml
    deps:
    - path: data_given\creditcard.csv
      md5: e90efcb83d69faf99fcab8b0255024de
      size: 150828752
    - path: src\get_data.py
      md5: 0922cce81e9075dd18cf61bd19d95c84
      size: 661
    - path: src\load_data.py
      md5: 879a5f498263b535f1582f18e4b20673
      size: 615
    outs:
    - path: data\raw\creditcard.csv
      md5: dc31d6eb183be31c3ada5ab12115bdd2
      size: 151102405
  split_data:
    cmd: python src\split_data.py --config=params.yaml
    deps:
    - path: data\raw\creditcard.csv
      md5: dc31d6eb183be31c3ada5ab12115bdd2
      size: 151102405
    - path: src\split_data.py
      md5: 5f1494c624a5754d3357ffaba4e7aa4f
      size: 1021
    outs:
    - path: data\processed\test_creditcard.csv
      md5: 2a21701d79c9acdbad708ab7840a2fa9
      size: 30219963
    - path: data\processed\train_creditcard.csv
      md5: 3439972b15c511e712ddb03655c5ea58
      size: 120882564
